Microsoft Visual Studio Solution File, Format Version 12.00
# Visual Studio Version 17
VisualStudioVersion = 17.5.2.0
MinimumVisualStudioVersion = 10.0.40219.1
Project("{FAE04EC0-301F-11D3-BF4B-00C04F79EFBC}") = "epargne-api", "epargne-api\epargne-api.csproj", "{11EDB920-537B-7711-8685-6BE045299867}"
EndProject
Project("{FAE04EC0-301F-11D3-BF4B-00C04F79EFBC}") = "pret-api", "pret-api\pret-api.csproj", "{3B871A08-8735-3552-A228-E108E46D6FBD}"
EndProject
Global
	GlobalSection(SolutionConfigurationPlatforms) = preSolution
		Debug|Any CPU = Debug|Any CPU
		Release|Any CPU = Release|Any CPU
	EndGlobalSection
	GlobalSection(ProjectConfigurationPlatforms) = postSolution
		{11EDB920-537B-7711-8685-6BE045299867}.Debug|Any CPU.ActiveCfg = Debug|Any CPU
		{11EDB920-537B-7711-8685-6BE045299867}.Debug|Any CPU.Build.0 = Debug|Any CPU
		{11EDB920-537B-7711-8685-6BE045299867}.Release|Any CPU.ActiveCfg = Release|Any CPU
		{11EDB920-537B-7711-8685-6BE045299867}.Release|Any CPU.Build.0 = Release|Any CPU
		{3B871A08-8735-3552-A228-E108E46D6FBD}.Debug|Any CPU.ActiveCfg = Debug|Any CPU
		{3B871A08-8735-3552-A228-E108E46D6FBD}.Debug|Any CPU.Build.0 = Debug|Any CPU
		{3B871A08-8735-3552-A228-E108E46D6FBD}.Release|Any CPU.ActiveCfg = Release|Any CPU
		{3B871A08-8735-3552-A228-E108E46D6FBD}.Release|Any CPU.Build.0 = Release|Any CPU
	EndGlobalSection
	GlobalSection(SolutionProperties) = preSolution
		HideSolutionNode = FALSE
	EndGlobalSection
	GlobalSection(ExtensibilityGlobals) = postSolution
		SolutionGuid = {ECED2FE3-659A-467E-ADD7-1081AF181CE8}
	EndGlobalSection
EndGlobal
